
Microsoft Visual Studio Solution File, Format Version 12.00
# Visual Studio 2015
Project("{FAE04EC0-301F-11D3-BF4B-00C04F79EFBC}") = "Rottapajatso.CSharp", "Rottapajatso.CSharp.csproj", "{14558504-4315-E44B-95E8-6B6AC5B3C2C0}"
EndProject
Global
	GlobalSection(SolutionConfigurationPlatforms) = preSolution
		Debug|Any CPU = Debug|Any CPU
		Release|Any CPU = Release|Any CPU
	EndGlobalSection
	GlobalSection(ProjectConfigurationPlatforms) = postSolution
		{14558504-4315-E44B-95E8-6B6AC5B3C2C0}.Debug|Any CPU.ActiveCfg = Debug|Any CPU
		{14558504-4315-E44B-95E8-6B6AC5B3C2C0}.Debug|Any CPU.Build.0 = Debug|Any CPU
		{14558504-4315-E44B-95E8-6B6AC5B3C2C0}.Release|Any CPU.ActiveCfg = Release|Any CPU
		{14558504-4315-E44B-95E8-6B6AC5B3C2C0}.Release|Any CPU.Build.0 = Release|Any CPU
	EndGlobalSection
	GlobalSection(SolutionProperties) = preSolution
		HideSolutionNode = FALSE
	EndGlobalSection
EndGlobal
